{
  "nodes": {
    "flake-compat": {
      "flake": false,
      "locked": {
        "lastModified": 1746162366,
        "narHash": "sha256-5SSSZ/oQkwfcAz/o/6TlejlVGqeK08wyREBQ5qFFPhM=",
        "owner": "nix-community",
        "repo": "flake-compat",
        "rev": "0f158086a2ecdbb138cd0429410e44994f1b7e4b",
        "type": "github"
      },
      "original": {
        "owner": "nix-community",
        "repo": "flake-compat",
        "type": "github"
      }
    },
    "home-manager": {
      "inputs": {
        "nixpkgs": [
          "nixpkgs"
        ]
      },
      "locked": {
        "lastModified": 1748811839,
        "narHash": "sha256-MDl6vpEK18ZfPHfoeOa9dGRdwVWNfmCCGazt72nHw+U=",
        "owner": "nix-community",
        "repo": "home-manager",
        "rev": "6abf27943bbb09a0f9d443df45ec70b07a6cbe20",
        "type": "github"
      },
      "original": {
        "owner": "nix-community",
        "ref": "master",
        "repo": "home-manager",
        "type": "github"
      }
    },
    "nix-index-database": {
      "inputs": {
        "nixpkgs": [
          "nixpkgs"
        ]
      },
      "locked": {
        "lastModified": 1748751003,
        "narHash": "sha256-i4GZdKAK97S0ZMU3w4fqgEJr0cVywzqjugt2qZPrScs=",
        "owner": "nix-community",
        "repo": "nix-index-database",
        "rev": "2860bee699248d828c2ed9097a1cd82c2f991b43",
        "type": "github"
      },
      "original": {
        "owner": "nix-community",
        "repo": "nix-index-database",
        "type": "github"
      }
    },
    "nixos-cosmic": {
      "inputs": {
        "flake-compat": "flake-compat",
        "nixpkgs": "nixpkgs",
        "nixpkgs-stable": "nixpkgs-stable",
        "rust-overlay": "rust-overlay"
      },
      "locked": {
        "lastModified": 1748776124,
        "narHash": "sha256-vs2cMCHX9wnWJutXhQyWkWOpMF/Xbw0ZAUAFGsKLifA=",
        "owner": "lilyinstarlight",
        "repo": "nixos-cosmic",
        "rev": "e989a41092f6f0375e7afb789bc97cb30d01fdb8",
        "type": "github"
      },
      "original": {
        "owner": "lilyinstarlight",
        "repo": "nixos-cosmic",
        "type": "github"
      }
    },
    "nixpkgs": {
      "locked": {
        "lastModified": 1748693115,
        "narHash": "sha256-StSrWhklmDuXT93yc3GrTlb0cKSS0agTAxMGjLKAsY8=",
        "owner": "NixOS",
        "repo": "nixpkgs",
        "rev": "910796cabe436259a29a72e8d3f5e180fc6dfacc",
        "type": "github"
      },
      "original": {
        "owner": "NixOS",
        "ref": "nixos-unstable",
        "repo": "nixpkgs",
        "type": "github"
      }
    },
    "nixpkgs-stable": {
      "locked": {
        "lastModified": 1748421225,
        "narHash": "sha256-XXILOc80tvlvEQgYpYFnze8MkQQmp3eQxFbTzb3m/R0=",
        "owner": "NixOS",
        "repo": "nixpkgs",
        "rev": "78add7b7abb61689e34fc23070a8f55e1d26185b",
        "type": "github"
      },
      "original": {
        "owner": "NixOS",
        "ref": "nixos-24.11",
        "repo": "nixpkgs",
        "type": "github"
      }
    },
    "root": {
      "inputs": {
        "home-manager": "home-manager",
        "nix-index-database": "nix-index-database",
        "nixos-cosmic": "nixos-cosmic",
        "nixpkgs": [
          "nixos-cosmic",
          "nixpkgs"
        ]
      }
    },
    "rust-overlay": {
      "inputs": {
        "nixpkgs": [
          "nixos-cosmic",
          "nixpkgs"
        ]
      },
      "locked": {
        "lastModified": 1748746145,
        "narHash": "sha256-bwkCAK9pOyI2Ww4Q4oO1Ynv7O9aZPrsIAMMASmhVGp4=",
        "owner": "oxalica",
        "repo": "rust-overlay",
        "rev": "12a0d94a2f2b06714f747ab97b2fa546f46b460c",
        "type": "github"
      },
      "original": {
        "owner": "oxalica",
        "repo": "rust-overlay",
        "type": "github"
      }
    }
  },
  "root": "root",
  "version": 7
}
